
Microsoft Visual Studio Solution File, Format Version 12.00
# Visual Studio 14
VisualStudioVersion = 14.0.25420.1
MinimumVisualStudioVersion = 10.0.40219.1
Project("{FAE04EC0-301F-11D3-BF4B-00C04F79EFBC}") = "01.TrainingLab", "01.TrainingLab\01.TrainingLab.csproj", "{DE711586-1E9F-4D71-8674-03398FAA0DAE}"
EndProject
Project("{FAE04EC0-301F-11D3-BF4B-00C04F79EFBC}") = "02.TransportPrice", "02.TransportPrice\02.TransportPrice.csproj", "{310C81F5-9C12-45AC-A5BB-6D1B65249C2D}"
EndProject
Project("{FAE04EC0-301F-11D3-BF4B-00C04F79EFBC}") = "03.OnTimeForTheExam", "03.OnTimeForTheExam\03.OnTimeForTheExam.csproj", "{1ABA8F52-3B34-4F43-8A8C-0F3293839C81}"
EndProject
Project("{FAE04EC0-301F-11D3-BF4B-00C04F79EFBC}") = "04.Histogram", "04.Histogram\04.Histogram.csproj", "{563DF11C-EEB8-41C8-902C-66904838FA9F}"
EndProject
Project("{FAE04EC0-301F-11D3-BF4B-00C04F79EFBC}") = "05.DrawFort", "05.DrawFort\05.DrawFort.csproj", "{B31004FD-28EE-4425-B270-6D149601AF99}"
EndProject
Project("{FAE04EC0-301F-11D3-BF4B-00C04F79EFBC}") = "06.StupidPasswordGenerator", "06.StupidPasswordGenerator\06.StupidPasswordGenerator.csproj", "{93A62981-35E0-4648-A37A-A6C22AECE493}"
EndProject
Global
	GlobalSection(SolutionConfigurationPlatforms) = preSolution
		Debug|Any CPU = Debug|Any CPU
		Release|Any CPU = Release|Any CPU
	EndGlobalSection
	GlobalSection(ProjectConfigurationPlatforms) = postSolution
		{DE711586-1E9F-4D71-8674-03398FAA0DAE}.Debug|Any CPU.ActiveCfg = Debug|Any CPU
		{DE711586-1E9F-4D71-8674-03398FAA0DAE}.Debug|Any CPU.Build.0 = Debug|Any CPU
		{DE711586-1E9F-4D71-8674-03398FAA0DAE}.Release|Any CPU.ActiveCfg = Release|Any CPU
		{DE711586-1E9F-4D71-8674-03398FAA0DAE}.Release|Any CPU.Build.0 = Release|Any CPU
		{310C81F5-9C12-45AC-A5BB-6D1B65249C2D}.Debug|Any CPU.ActiveCfg = Debug|Any CPU
		{310C81F5-9C12-45AC-A5BB-6D1B65249C2D}.Debug|Any CPU.Build.0 = Debug|Any CPU
		{310C81F5-9C12-45AC-A5BB-6D1B65249C2D}.Release|Any CPU.ActiveCfg = Release|Any CPU
		{310C81F5-9C12-45AC-A5BB-6D1B65249C2D}.Release|Any CPU.Build.0 = Release|Any CPU
		{1ABA8F52-3B34-4F43-8A8C-0F3293839C81}.Debug|Any CPU.ActiveCfg = Debug|Any CPU
		{1ABA8F52-3B34-4F43-8A8C-0F3293839C81}.Debug|Any CPU.Build.0 = Debug|Any CPU
		{1ABA8F52-3B34-4F43-8A8C-0F3293839C81}.Release|Any CPU.ActiveCfg = Release|Any CPU
		{1ABA8F52-3B34-4F43-8A8C-0F3293839C81}.Release|Any CPU.Build.0 = Release|Any CPU
		{563DF11C-EEB8-41C8-902C-66904838FA9F}.Debug|Any CPU.ActiveCfg = Debug|Any CPU
		{563DF11C-EEB8-41C8-902C-66904838FA9F}.Debug|Any CPU.Build.0 = Debug|Any CPU
		{563DF11C-EEB8-41C8-902C-66904838FA9F}.Release|Any CPU.ActiveCfg = Release|Any CPU
		{563DF11C-EEB8-41C8-902C-66904838FA9F}.Release|Any CPU.Build.0 = Release|Any CPU
		{B31004FD-28EE-4425-B270-6D149601AF99}.Debug|Any CPU.ActiveCfg = Debug|Any CPU
		{B31004FD-28EE-4425-B270-6D149601AF99}.Debug|Any CPU.Build.0 = Debug|Any CPU
		{B31004FD-28EE-4425-B270-6D149601AF99}.Release|Any CPU.ActiveCfg = Release|Any CPU
		{B31004FD-28EE-4425-B270-6D149601AF99}.Release|Any CPU.Build.0 = Release|Any CPU
		{93A62981-35E0-4648-A37A-A6C22AECE493}.Debug|Any CPU.ActiveCfg = Debug|Any CPU
		{93A62981-35E0-4648-A37A-A6C22AECE493}.Debug|Any CPU.Build.0 = Debug|Any CPU
		{93A62981-35E0-4648-A37A-A6C22AECE493}.Release|Any CPU.ActiveCfg = Release|Any CPU
		{93A62981-35E0-4648-A37A-A6C22AECE493}.Release|Any CPU.Build.0 = Release|Any CPU
	EndGlobalSection
	GlobalSection(SolutionProperties) = preSolution
		HideSolutionNode = FALSE
	EndGlobalSection
EndGlobal
